
Microsoft Visual Studio Solution File, Format Version 12.00
# Visual Studio Version 16
VisualStudioVersion = 16.0.29911.84
MinimumVisualStudioVersion = 10.0.40219.1
Project("{FAE04EC0-301F-11D3-BF4B-00C04F79EFBC}") = "FirebasePushSample.Android", "FirebasePushSample.Android\FirebasePushSample.Android.csproj", "{524779F2-E29E-4BA2-B346-BAA571729A1B}"
EndProject
Project("{FAE04EC0-301F-11D3-BF4B-00C04F79EFBC}") = "FirebasePushSample.iOS", "FirebasePushSample.iOS\FirebasePushSample.iOS.csproj", "{FA3C97AC-3E34-4566-A146-CE8B49669AC8}"
EndProject
Project("{FAE04EC0-301F-11D3-BF4B-00C04F79EFBC}") = "FirebasePushSample.Core", "FirebasePushSample.Core\FirebasePushSample.Core.csproj", "{99D05CAA-D5E2-484B-92A4-856032ECC86A}"
EndProject
Global
	GlobalSection(SolutionConfigurationPlatforms) = preSolution
		Ad-Hoc|Any CPU = Ad-Hoc|Any CPU
		Ad-Hoc|iPhone = Ad-Hoc|iPhone
		Ad-Hoc|iPhoneSimulator = Ad-Hoc|iPhoneSimulator
		AppStore|Any CPU = AppStore|Any CPU
		AppStore|iPhone = AppStore|iPhone
		AppStore|iPhoneSimulator = AppStore|iPhoneSimulator
		Debug|Any CPU = Debug|Any CPU
		Debug|iPhone = Debug|iPhone
		Debug|iPhoneSimulator = Debug|iPhoneSimulator
		Release|Any CPU = Release|Any CPU
		Release|iPhone = Release|iPhone
		Release|iPhoneSimulator = Release|iPhoneSimulator
	EndGlobalSection
	GlobalSection(ProjectConfigurationPlatforms) = postSolution
		{524779F2-E29E-4BA2-B346-BAA571729A1B}.Ad-Hoc|Any CPU.ActiveCfg = Release|Any CPU
		{524779F2-E29E-4BA2-B346-BAA571729A1B}.Ad-Hoc|Any CPU.Build.0 = Release|Any CPU
		{524779F2-E29E-4BA2-B346-BAA571729A1B}.Ad-Hoc|Any CPU.Deploy.0 = Release|Any CPU
		{524779F2-E29E-4BA2-B346-BAA571729A1B}.Ad-Hoc|iPhone.ActiveCfg = Release|Any CPU
		{524779F2-E29E-4BA2-B346-BAA571729A1B}.Ad-Hoc|iPhone.Build.0 = Release|Any CPU
		{524779F2-E29E-4BA2-B346-BAA571729A1B}.Ad-Hoc|iPhone.Deploy.0 = Release|Any CPU
		{524779F2-E29E-4BA2-B346-BAA571729A1B}.Ad-Hoc|iPhoneSimulator.ActiveCfg = Release|Any CPU
		{524779F2-E29E-4BA2-B346-BAA571729A1B}.Ad-Hoc|iPhoneSimulator.Build.0 = Release|Any CPU
		{524779F2-E29E-4BA2-B346-BAA571729A1B}.Ad-Hoc|iPhoneSimulator.Deploy.0 = Release|Any CPU
		{524779F2-E29E-4BA2-B346-BAA571729A1B}.AppStore|Any CPU.ActiveCfg = Release|Any CPU
		{524779F2-E29E-4BA2-B346-BAA571729A1B}.AppStore|Any CPU.Build.0 = Release|Any CPU
		{524779F2-E29E-4BA2-B346-BAA571729A1B}.AppStore|Any CPU.Deploy.0 = Release|Any CPU
		{524779F2-E29E-4BA2-B346-BAA571729A1B}.AppStore|iPhone.ActiveCfg = Release|Any CPU
		{524779F2-E29E-4BA2-B346-BAA571729A1B}.AppStore|iPhone.Build.0 = Release|Any CPU
		{524779F2-E29E-4BA2-B346-BAA571729A1B}.AppStore|iPhone.Deploy.0 = Release|Any CPU
		{524779F2-E29E-4BA2-B346-BAA571729A1B}.AppStore|iPhoneSimulator.ActiveCfg = Release|Any CPU
		{524779F2-E29E-4BA2-B346-BAA571729A1B}.AppStore|iPhoneSimulator.Build.0 = Release|Any CPU
		{524779F2-E29E-4BA2-B346-BAA571729A1B}.AppStore|iPhoneSimulator.Deploy.0 = Release|Any CPU
		{524779F2-E29E-4BA2-B346-BAA571729A1B}.Debug|Any CPU.ActiveCfg = Debug|Any CPU
		{524779F2-E29E-4BA2-B346-BAA571729A1B}.Debug|Any CPU.Build.0 = Debug|Any CPU
		{524779F2-E29E-4BA2-B346-BAA571729A1B}.Debug|Any CPU.Deploy.0 = Debug|Any CPU
		{524779F2-E29E-4BA2-B346-BAA571729A1B}.Debug|iPhone.ActiveCfg = Debug|Any CPU
		{524779F2-E29E-4BA2-B346-BAA571729A1B}.Debug|iPhoneSimulator.ActiveCfg = Debug|Any CPU
		{524779F2-E29E-4BA2-B346-BAA571729A1B}.Debug|iPhoneSimulator.Build.0 = Debug|Any CPU
		{524779F2-E29E-4BA2-B346-BAA571729A1B}.Debug|iPhoneSimulator.Deploy.0 = Debug|Any CPU
		{524779F2-E29E-4BA2-B346-BAA571729A1B}.Release|Any CPU.ActiveCfg = Release|Any CPU
		{524779F2-E29E-4BA2-B346-BAA571729A1B}.Release|Any CPU.Build.0 = Release|Any CPU
		{524779F2-E29E-4BA2-B346-BAA571729A1B}.Release|Any CPU.Deploy.0 = Release|Any CPU
		{524779F2-E29E-4BA2-B346-BAA571729A1B}.Release|iPhone.ActiveCfg = Release|Any CPU
		{524779F2-E29E-4BA2-B346-BAA571729A1B}.Release|iPhone.Build.0 = Release|Any CPU
		{524779F2-E29E-4BA2-B346-BAA571729A1B}.Release|iPhone.Deploy.0 = Release|Any CPU
		{524779F2-E29E-4BA2-B346-BAA571729A1B}.Release|iPhoneSimulator.ActiveCfg = Release|Any CPU
		{524779F2-E29E-4BA2-B346-BAA571729A1B}.Release|iPhoneSimulator.Build.0 = Release|Any CPU
		{524779F2-E29E-4BA2-B346-BAA571729A1B}.Release|iPhoneSimulator.Deploy.0 = Release|Any CPU
		{FA3C97AC-3E34-4566-A146-CE8B49669AC8}.Ad-Hoc|Any CPU.ActiveCfg = Ad-Hoc|iPhone
		{FA3C97AC-3E34-4566-A146-CE8B49669AC8}.Ad-Hoc|iPhone.ActiveCfg = Ad-Hoc|iPhone
		{FA3C97AC-3E34-4566-A146-CE8B49669AC8}.Ad-Hoc|iPhone.Build.0 = Ad-Hoc|iPhone
		{FA3C97AC-3E34-4566-A146-CE8B49669AC8}.Ad-Hoc|iPhoneSimulator.ActiveCfg = Ad-Hoc|iPhoneSimulator
		{FA3C97AC-3E34-4566-A146-CE8B49669AC8}.Ad-Hoc|iPhoneSimulator.Build.0 = Ad-Hoc|iPhoneSimulator
		{FA3C97AC-3E34-4566-A146-CE8B49669AC8}.AppStore|Any CPU.ActiveCfg = AppStore|iPhone
		{FA3C97AC-3E34-4566-A146-CE8B49669AC8}.AppStore|iPhone.ActiveCfg = AppStore|iPhone
		{FA3C97AC-3E34-4566-A146-CE8B49669AC8}.AppStore|iPhone.Build.0 = AppStore|iPhone
		{FA3C97AC-3E34-4566-A146-CE8B49669AC8}.AppStore|iPhoneSimulator.ActiveCfg = AppStore|iPhoneSimulator
		{FA3C97AC-3E34-4566-A146-CE8B49669AC8}.AppStore|iPhoneSimulator.Build.0 = AppStore|iPhoneSimulator
		{FA3C97AC-3E34-4566-A146-CE8B49669AC8}.Debug|Any CPU.ActiveCfg = Debug|iPhone
		{FA3C97AC-3E34-4566-A146-CE8B49669AC8}.Debug|Any CPU.Build.0 = Debug|iPhone
		{FA3C97AC-3E34-4566-A146-CE8B49669AC8}.Debug|iPhone.ActiveCfg = Debug|iPhone
		{FA3C97AC-3E34-4566-A146-CE8B49669AC8}.Debug|iPhone.Build.0 = Debug|iPhone
		{FA3C97AC-3E34-4566-A146-CE8B49669AC8}.Debug|iPhone.Deploy.0 = Debug|iPhone
		{FA3C97AC-3E34-4566-A146-CE8B49669AC8}.Debug|iPhoneSimulator.ActiveCfg = Debug|iPhoneSimulator
		{FA3C97AC-3E34-4566-A146-CE8B49669AC8}.Debug|iPhoneSimulator.Build.0 = Debug|iPhoneSimulator
		{FA3C97AC-3E34-4566-A146-CE8B49669AC8}.Release|Any CPU.ActiveCfg = Release|iPhone
		{FA3C97AC-3E34-4566-A146-CE8B49669AC8}.Release|iPhone.ActiveCfg = Release|iPhone
		{FA3C97AC-3E34-4566-A146-CE8B49669AC8}.Release|iPhone.Build.0 = Release|iPhone
		{FA3C97AC-3E34-4566-A146-CE8B49669AC8}.Release|iPhoneSimulator.ActiveCfg = Release|iPhoneSimulator
		{FA3C97AC-3E34-4566-A146-CE8B49669AC8}.Release|iPhoneSimulator.Build.0 = Release|iPhoneSimulator
		{99D05CAA-D5E2-484B-92A4-856032ECC86A}.Ad-Hoc|Any CPU.ActiveCfg = Debug|Any CPU
		{99D05CAA-D5E2-484B-92A4-856032ECC86A}.Ad-Hoc|Any CPU.Build.0 = Debug|Any CPU
		{99D05CAA-D5E2-484B-92A4-856032ECC86A}.Ad-Hoc|iPhone.ActiveCfg = Debug|Any CPU
		{99D05CAA-D5E2-484B-92A4-856032ECC86A}.Ad-Hoc|iPhone.Build.0 = Debug|Any CPU
		{99D05CAA-D5E2-484B-92A4-856032ECC86A}.Ad-Hoc|iPhoneSimulator.ActiveCfg = Debug|Any CPU
		{99D05CAA-D5E2-484B-92A4-856032ECC86A}.Ad-Hoc|iPhoneSimulator.Build.0 = Debug|Any CPU
		{99D05CAA-D5E2-484B-92A4-856032ECC86A}.AppStore|Any CPU.ActiveCfg = Debug|Any CPU
		{99D05CAA-D5E2-484B-92A4-856032ECC86A}.AppStore|Any CPU.Build.0 = Debug|Any CPU
		{99D05CAA-D5E2-484B-92A4-856032ECC86A}.AppStore|iPhone.ActiveCfg = Debug|Any CPU
		{99D05CAA-D5E2-484B-92A4-856032ECC86A}.AppStore|iPhone.Build.0 = Debug|Any CPU
		{99D05CAA-D5E2-484B-92A4-856032ECC86A}.AppStore|iPhoneSimulator.ActiveCfg = Debug|Any CPU
		{99D05CAA-D5E2-484B-92A4-856032ECC86A}.AppStore|iPhoneSimulator.Build.0 = Debug|Any CPU
		{99D05CAA-D5E2-484B-92A4-856032ECC86A}.Debug|Any CPU.ActiveCfg = Debug|Any CPU
		{99D05CAA-D5E2-484B-92A4-856032ECC86A}.Debug|Any CPU.Build.0 = Debug|Any CPU
		{99D05CAA-D5E2-484B-92A4-856032ECC86A}.Debug|iPhone.ActiveCfg = Debug|Any CPU
		{99D05CAA-D5E2-484B-92A4-856032ECC86A}.Debug|iPhone.Build.0 = Debug|Any CPU
		{99D05CAA-D5E2-484B-92A4-856032ECC86A}.Debug|iPhoneSimulator.ActiveCfg = Debug|Any CPU
		{99D05CAA-D5E2-484B-92A4-856032ECC86A}.Debug|iPhoneSimulator.Build.0 = Debug|Any CPU
		{99D05CAA-D5E2-484B-92A4-856032ECC86A}.Release|Any CPU.ActiveCfg = Release|Any CPU
		{99D05CAA-D5E2-484B-92A4-856032ECC86A}.Release|Any CPU.Build.0 = Release|Any CPU
		{99D05CAA-D5E2-484B-92A4-856032ECC86A}.Release|iPhone.ActiveCfg = Release|Any CPU
		{99D05CAA-D5E2-484B-92A4-856032ECC86A}.Release|iPhone.Build.0 = Release|Any CPU
		{99D05CAA-D5E2-484B-92A4-856032ECC86A}.Release|iPhoneSimulator.ActiveCfg = Release|Any CPU
		{99D05CAA-D5E2-484B-92A4-856032ECC86A}.Release|iPhoneSimulator.Build.0 = Release|Any CPU
	EndGlobalSection
	GlobalSection(SolutionProperties) = preSolution
		HideSolutionNode = FALSE
	EndGlobalSection
	GlobalSection(ExtensibilityGlobals) = postSolution
		SolutionGuid = {91EA4FBA-D31B-4FE3-825F-F0DB629EF91B}
	EndGlobalSection
EndGlobal
